
Microsoft Visual Studio Solution File, Format Version 12.00
# Visual Studio Version 17
VisualStudioVersion = 17.13.35931.197
MinimumVisualStudioVersion = 10.0.40219.1
Project("{FAE04EC0-301F-11D3-BF4B-00C04F79EFBC}") = "ECommerceSystem", "ECommerceSystem\ECommerceSystem.csproj", "{A0CEF285-AE15-4570-B23C-692DDAEE029F}"
EndProject
Project("{FAE04EC0-301F-11D3-BF4B-00C04F79EFBC}") = "ECommerceSystem.Core", "ECommerceSystem.Core\ECommerceSystem.Core.csproj", "{2F2ABE17-2DF1-4932-994E-640EF52E5CB3}"
EndProject
Project("{FAE04EC0-301F-11D3-BF4B-00C04F79EFBC}") = "ECommerceSystem.Infrastructure", "ECommerceSystem.Infrastructure\ECommerceSystem.Infrastructure.csproj", "{83AD7CBB-CC02-4033-B011-4F39DC2EB167}"
EndProject
Global
	GlobalSection(SolutionConfigurationPlatforms) = preSolution
		Debug|Any CPU = Debug|Any CPU
		Release|Any CPU = Release|Any CPU
	EndGlobalSection
	GlobalSection(ProjectConfigurationPlatforms) = postSolution
		{A0CEF285-AE15-4570-B23C-692DDAEE029F}.Debug|Any CPU.ActiveCfg = Debug|Any CPU
		{A0CEF285-AE15-4570-B23C-692DDAEE029F}.Debug|Any CPU.Build.0 = Debug|Any CPU
		{A0CEF285-AE15-4570-B23C-692DDAEE029F}.Release|Any CPU.ActiveCfg = Release|Any CPU
		{A0CEF285-AE15-4570-B23C-692DDAEE029F}.Release|Any CPU.Build.0 = Release|Any CPU
		{2F2ABE17-2DF1-4932-994E-640EF52E5CB3}.Debug|Any CPU.ActiveCfg = Debug|Any CPU
		{2F2ABE17-2DF1-4932-994E-640EF52E5CB3}.Debug|Any CPU.Build.0 = Debug|Any CPU
		{2F2ABE17-2DF1-4932-994E-640EF52E5CB3}.Release|Any CPU.ActiveCfg = Release|Any CPU
		{2F2ABE17-2DF1-4932-994E-640EF52E5CB3}.Release|Any CPU.Build.0 = Release|Any CPU
		{83AD7CBB-CC02-4033-B011-4F39DC2EB167}.Debug|Any CPU.ActiveCfg = Debug|Any CPU
		{83AD7CBB-CC02-4033-B011-4F39DC2EB167}.Debug|Any CPU.Build.0 = Debug|Any CPU
		{83AD7CBB-CC02-4033-B011-4F39DC2EB167}.Release|Any CPU.ActiveCfg = Release|Any CPU
		{83AD7CBB-CC02-4033-B011-4F39DC2EB167}.Release|Any CPU.Build.0 = Release|Any CPU
	EndGlobalSection
	GlobalSection(SolutionProperties) = preSolution
		HideSolutionNode = FALSE
	EndGlobalSection
	GlobalSection(ExtensibilityGlobals) = postSolution
		SolutionGuid = {94318856-C795-49B8-8C44-26BB4D1EAFE8}
	EndGlobalSection
EndGlobal
